<?xml version="1.0" encoding="utf-8"?>
<Project ToolsVersion="4.0" xmlns="http://schemas.microsoft.com/developer/msbuild/2003">
  <ItemGroup>
    <Filter Include="Source Files">
      <UniqueIdentifier>{4FC737F1-C7A5-4376-A066-2A32D752A2FF}</UniqueIdentifier>
      <Extensions>cpp;c;cc;cxx;def;odl;idl;hpj;bat;asm;asmx</Extensions>
    </Filter>
    <Filter Include="Header Files">
      <UniqueIdentifier>{93995380-89BD-4b04-88EB-625FBE52EBFB}</UniqueIdentifier>
      <Extensions>h;hh;hpp;hxx;hm;inl;inc;xsd</Extensions>
    </Filter>
    <Filter Include="Resource Files">
      <UniqueIdentifier>{67DA6AB6-F800-4c08-8B7A-83BB121AAD01}</UniqueIdentifier>
      <Extensions>rc;ico;cur;bmp;dlg;rc2;rct;bin;rgs;gif;jpg;jpeg;jpe;resx;tiff;tif;png;wav;mfcribbon-ms</Extensions>
    </Filter>
    <Filter Include="Header Files\InstructionDescriptors">
      <UniqueIdentifier>{cc536f81-23c2-4475-a3ea-d3bf79aa5dd2}</UniqueIdentifier>
    </Filter>
    <Filter Include="Source Files\InstructionDescriptors">
      <UniqueIdentifier>{0e0ff850-f809-4ca3-9333-818b34c2a444}</UniqueIdentifier>
    </Filter>
    <Filter Include="Header Files\InstructionDescriptors\WordOperandInstructionDescriptors">
      <UniqueIdentifier>{ceb9603a-8aa9-4368-a46b-88b606d9dccd}</UniqueIdentifier>
    </Filter>
    <Filter Include="Source Files\InstructionDescriptors\WordOperandInstructionDescriptors">
      <UniqueIdentifier>{464a6834-bf8c-44a4-bd57-5ea01a0ea19c}</UniqueIdentifier>
    </Filter>
    <Filter Include="Header Files\InstructionDescriptors\ByteOperandInstructionDescriptors">
      <UniqueIdentifier>{d2b5d1e6-7fb1-4144-9afe-b7b74797bcbd}</UniqueIdentifier>
    </Filter>
    <Filter Include="Source Files\InstructionDescriptors\ByteOperandInstructionDescriptors">
      <UniqueIdentifier>{b63f680b-47d5-4c08-9aad-ec130c6f7412}</UniqueIdentifier>
    </Filter>
    <Filter Include="Header Files\LineParsers">
      <UniqueIdentifier>{ef3fdb04-2354-4620-8310-0a195139811c}</UniqueIdentifier>
    </Filter>
    <Filter Include="Header Files\LineParsers\ZeroPageParsers">
      <UniqueIdentifier>{1b02bf6a-874f-435a-8d9c-f934ae59ef5b}</UniqueIdentifier>
    </Filter>
    <Filter Include="Header Files\LineParsers\AbsoluteParsers">
      <UniqueIdentifier>{ab2447bc-0a5a-45c2-bca2-2325bab67bce}</UniqueIdentifier>
    </Filter>
    <Filter Include="Header Files\LineParsers\IndirectParsers">
      <UniqueIdentifier>{f57ba550-b8c6-4742-ba6d-f780418fccf9}</UniqueIdentifier>
    </Filter>
    <Filter Include="Source Files\LineParsers">
      <UniqueIdentifier>{10af356a-af72-4248-af76-20a04ca15292}</UniqueIdentifier>
    </Filter>
    <Filter Include="Source Files\LineParsers\ZeroPageParsers">
      <UniqueIdentifier>{4d377738-d741-4fa9-b8a0-1e252d7f6a15}</UniqueIdentifier>
    </Filter>
    <Filter Include="Source Files\LineParsers\AbsoluteParsers">
      <UniqueIdentifier>{275130bd-fc85-4ee6-b251-9176d2c49998}</UniqueIdentifier>
    </Filter>
    <Filter Include="Source Files\LineParsers\IndirectParsers">
      <UniqueIdentifier>{ccc1a22e-db86-4e76-b698-2644bbecdde2}</UniqueIdentifier>
    </Filter>
    <Filter Include="Header Files\Helpers">
      <UniqueIdentifier>{d6a371ff-3510-46b7-a8fd-927a89a88f03}</UniqueIdentifier>
    </Filter>
  </ItemGroup>
  <ItemGroup>
    <ClInclude Include="AssemblyModule.h">
      <Filter>Header Files</Filter>
    </ClInclude>
    <ClInclude Include="BaseInstructionDescriptor.h">
      <Filter>Header Files\InstructionDescriptors</Filter>
    </ClInclude>
    <ClInclude Include="BaseInstructionParser.h">
      <Filter>Header Files\LineParsers</Filter>
    </ClInclude>
    <ClInclude Include="ParameterlessInstructionParser.h">
      <Filter>Header Files\LineParsers</Filter>
    </ClInclude>
    <ClInclude Include="ParameterlessInstructionDescriptor.h">
      <Filter>Header Files\InstructionDescriptors</Filter>
    </ClInclude>
    <ClInclude Include="InstructionToken.h">
      <Filter>Header Files\LineParsers</Filter>
    </ClInclude>
    <ClInclude Include="BaseZeroPageInstructionParser.h">
      <Filter>Header Files\LineParsers\ZeroPageParsers</Filter>
    </ClInclude>
    <ClInclude Include="ZeroPageInstructionParser.h">
      <Filter>Header Files\LineParsers\ZeroPageParsers</Filter>
    </ClInclude>
    <ClInclude Include="ZeroPageXInstructionParser.h">
      <Filter>Header Files\LineParsers\ZeroPageParsers</Filter>
    </ClInclude>
    <ClInclude Include="ZeroPageYInstructionParser.h">
      <Filter>Header Files\LineParsers\ZeroPageParsers</Filter>
    </ClInclude>
    <ClInclude Include="BaseAbsoluteInstructionParser.h">
      <Filter>Header Files\LineParsers\AbsoluteParsers</Filter>
    </ClInclude>
    <ClInclude Include="AbsoluteInstructionParser.h">
      <Filter>Header Files\LineParsers\AbsoluteParsers</Filter>
    </ClInclude>
    <ClInclude Include="AbsoluteXInstructionParser.h">
      <Filter>Header Files\LineParsers\AbsoluteParsers</Filter>
    </ClInclude>
    <ClInclude Include="AbsoluteYInstructionParser.h">
      <Filter>Header Files\LineParsers\AbsoluteParsers</Filter>
    </ClInclude>
    <ClInclude Include="TemplatedOperandInstructionDescriptor.h">
      <Filter>Header Files\InstructionDescriptors</Filter>
    </ClInclude>
    <ClInclude Include="BaseWordOperandInstructionDescriptor.h">
      <Filter>Header Files\InstructionDescriptors</Filter>
    </ClInclude>
    <ClInclude Include="BaseByteOperandInstructionDescriptor.h">
      <Filter>Header Files\InstructionDescriptors</Filter>
    </ClInclude>
    <ClInclude Include="WordOperandInstructionDescriptor.h">
      <Filter>Header Files\InstructionDescriptors\WordOperandInstructionDescriptors</Filter>
    </ClInclude>
    <ClInclude Include="WordOperandXInstructionDescriptor.h">
      <Filter>Header Files\InstructionDescriptors\WordOperandInstructionDescriptors</Filter>
    </ClInclude>
    <ClInclude Include="WordOperandYInstructionDescriptor.h">
      <Filter>Header Files\InstructionDescriptors\WordOperandInstructionDescriptors</Filter>
    </ClInclude>
    <ClInclude Include="ByteOperandInstructionDescriptor.h">
      <Filter>Header Files\InstructionDescriptors\ByteOperandInstructionDescriptors</Filter>
    </ClInclude>
    <ClInclude Include="ByteOperandXInstructionDescriptor.h">
      <Filter>Header Files\InstructionDescriptors\ByteOperandInstructionDescriptors</Filter>
    </ClInclude>
    <ClInclude Include="ByteOperandYInstructionDescriptor.h">
      <Filter>Header Files\InstructionDescriptors\ByteOperandInstructionDescriptors</Filter>
    </ClInclude>
    <ClInclude Include="BaseIndirectInstructionParser.h">
      <Filter>Header Files\LineParsers\IndirectParsers</Filter>
    </ClInclude>
    <ClInclude Include="IndirectInstructionParser.h">
      <Filter>Header Files\LineParsers\IndirectParsers</Filter>
    </ClInclude>
    <ClInclude Include="IndirectXInstructionParser.h">
      <Filter>Header Files\LineParsers\IndirectParsers</Filter>
    </ClInclude>
    <ClInclude Include="IndirectYInstructionParser.h">
      <Filter>Header Files\LineParsers\IndirectParsers</Filter>
    </ClInclude>
    <ClInclude Include="MacroParser.h">
      <Filter>Header Files\LineParsers</Filter>
    </ClInclude>
    <ClInclude Include="BaseParser.h">
      <Filter>Header Files\LineParsers</Filter>
    </ClInclude>
    <ClInclude Include="Symbols.h">
      <Filter>Header Files</Filter>
    </ClInclude>
    <ClInclude Include="StringHelpers.h">
      <Filter>Header Files\Helpers</Filter>
    </ClInclude>
    <ClInclude Include="LabelParser.h">
      <Filter>Header Files\LineParsers</Filter>
    </ClInclude>
    <ClInclude Include="CompilationResult.h">
      <Filter>Header Files</Filter>
    </ClInclude>
    <ClInclude Include="ImmediateInstructionParser.h">
      <Filter>Header Files\LineParsers</Filter>
    </ClInclude>
  </ItemGroup>
  <ItemGroup>
    <ClCompile Include="AssemblyModule.cpp">
      <Filter>Source Files</Filter>
    </ClCompile>
    <ClCompile Include="Main.cpp">
      <Filter>Source Files</Filter>
    </ClCompile>
    <ClCompile Include="BaseInstructionDescriptor.cpp">
      <Filter>Source Files\InstructionDescriptors</Filter>
    </ClCompile>
    <ClCompile Include="BaseInstructionParser.cpp">
      <Filter>Source Files\LineParsers</Filter>
    </ClCompile>
    <ClCompile Include="ParameterlessInstructionParser.cpp">
      <Filter>Source Files\LineParsers</Filter>
    </ClCompile>
    <ClCompile Include="ParameterlessInstructionDescriptor.cpp">
      <Filter>Source Files\InstructionDescriptors</Filter>
    </ClCompile>
    <ClCompile Include="InstructionToken.cpp">
      <Filter>Source Files\LineParsers</Filter>
    </ClCompile>
    <ClCompile Include="ZeroPageYInstructionParser.cpp">
      <Filter>Source Files\LineParsers\ZeroPageParsers</Filter>
    </ClCompile>
    <ClCompile Include="ZeroPageXInstructionParser.cpp">
      <Filter>Source Files\LineParsers\ZeroPageParsers</Filter>
    </ClCompile>
    <ClCompile Include="ZeroPageInstructionParser.cpp">
      <Filter>Source Files\LineParsers\ZeroPageParsers</Filter>
    </ClCompile>
    <ClCompile Include="AbsoluteInstructionParser.cpp">
      <Filter>Source Files\LineParsers\AbsoluteParsers</Filter>
    </ClCompile>
    <ClCompile Include="AbsoluteXInstructionParser.cpp">
      <Filter>Source Files\LineParsers\AbsoluteParsers</Filter>
    </ClCompile>
    <ClCompile Include="AbsoluteYInstructionParser.cpp">
      <Filter>Source Files\LineParsers\AbsoluteParsers</Filter>
    </ClCompile>
    <ClCompile Include="BaseWordOperandInstructionDescriptor.cpp">
      <Filter>Source Files\InstructionDescriptors</Filter>
    </ClCompile>
    <ClCompile Include="BaseByteOperandInstructionDescriptor.cpp">
      <Filter>Source Files\InstructionDescriptors</Filter>
    </ClCompile>
    <ClCompile Include="WordOperandInstructionDescriptor.cpp">
      <Filter>Source Files\InstructionDescriptors\WordOperandInstructionDescriptors</Filter>
    </ClCompile>
    <ClCompile Include="WordOperandXInstructionDescriptor.cpp">
      <Filter>Source Files\InstructionDescriptors\WordOperandInstructionDescriptors</Filter>
    </ClCompile>
    <ClCompile Include="WordOperandYInstructionDescriptor.cpp">
      <Filter>Source Files\InstructionDescriptors\WordOperandInstructionDescriptors</Filter>
    </ClCompile>
    <ClCompile Include="ByteOperandInstructionDescriptor.cpp">
      <Filter>Source Files\InstructionDescriptors\ByteOperandInstructionDescriptors</Filter>
    </ClCompile>
    <ClCompile Include="ByteOperandXInstructionDescriptor.cpp">
      <Filter>Source Files\InstructionDescriptors\ByteOperandInstructionDescriptors</Filter>
    </ClCompile>
    <ClCompile Include="ByteOperandYInstructionDescriptor.cpp">
      <Filter>Source Files\InstructionDescriptors\ByteOperandInstructionDescriptors</Filter>
    </ClCompile>
    <ClCompile Include="IndirectInstructionParser.cpp">
      <Filter>Source Files\LineParsers\IndirectParsers</Filter>
    </ClCompile>
    <ClCompile Include="IndirectXInstructionParser.cpp">
      <Filter>Source Files\LineParsers\IndirectParsers</Filter>
    </ClCompile>
    <ClCompile Include="IndirectYInstructionParser.cpp">
      <Filter>Source Files\LineParsers\IndirectParsers</Filter>
    </ClCompile>
    <ClCompile Include="MacroParser.cpp">
      <Filter>Source Files\LineParsers</Filter>
    </ClCompile>
    <ClCompile Include="BaseParser.cpp">
      <Filter>Source Files\LineParsers</Filter>
    </ClCompile>
    <ClCompile Include="LabelParser.cpp">
      <Filter>Source Files\LineParsers</Filter>
    </ClCompile>
    <ClCompile Include="CompilationResult.cpp">
      <Filter>Source Files</Filter>
    </ClCompile>
  </ItemGroup>
  <ItemGroup>
    <None Include="packages.config" />
  </ItemGroup>
</Project>